dependencies:
- name: cert-manager
  repository: ""
  version: 1.5.0
- name: dex
  repository: ""
  version: 2.31.2
- name: istio
  repository: ""
  version: 1.14.1
- name: knative-serving
  repository: ""
  version: 1.2.5
- name: minio
  repository: ""
  version: "1.0"
digest: sha256:87e8db1dd63054ebd8173afd0d92ebed491bfb662f3ea9f889e546425b74160c
generated: "2023-03-28T08:46:39.052186031Z"
